{
  "version": 4,
  "terraform_version": "1.3.1",
  "serial": 29,
  "lineage": "b05a74c5-2877-8cab-4378-bdb8062455c8",
  "outputs": {},
  "resources": [
    {
      "mode": "managed",
      "type": "google_container_cluster",
      "name": "abr-gke-cluster",
      "provider": "provider[\"registry.terraform.io/hashicorp/google\"]",
      "instances": [
        {
          "schema_version": 1,
          "attributes": {
            "addons_config": [
              {
                "cloudrun_config": [],
                "config_connector_config": [],
                "dns_cache_config": [],
                "gce_persistent_disk_csi_driver_config": [
                  {
                    "enabled": true
                  }
                ],
                "gcp_filestore_csi_driver_config": [],
                "gcs_fuse_csi_driver_config": [],
                "gke_backup_agent_config": [],
                "horizontal_pod_autoscaling": [],
                "http_load_balancing": [],
                "network_policy_config": [
                  {
                    "disabled": true
                  }
                ]
              }
            ],
            "allow_net_admin": null,
            "authenticator_groups_config": [],
            "binary_authorization": [
              {
                "enabled": false,
                "evaluation_mode": ""
              }
            ],
            "cluster_autoscaling": [
              {
                "auto_provisioning_defaults": [],
                "enabled": false,
                "resource_limits": []
              }
            ],
            "cluster_ipv4_cidr": "10.24.0.0/14",
            "confidential_nodes": [],
            "cost_management_config": [],
            "database_encryption": [
              {
                "key_name": "",
                "state": "DECRYPTED"
              }
            ],
            "datapath_provider": "",
            "default_max_pods_per_node": null,
            "default_snat_status": [
              {
                "disabled": false
              }
            ],
            "description": "",
            "dns_config": [],
            "enable_autopilot": false,
            "enable_binary_authorization": false,
            "enable_intranode_visibility": false,
            "enable_k8s_beta_apis": [],
            "enable_kubernetes_alpha": false,
            "enable_l4_ilb_subsetting": false,
            "enable_legacy_abac": false,
            "enable_shielded_nodes": true,
            "enable_tpu": false,
            "endpoint": "35.205.119.187",
            "gateway_api_config": [],
            "id": "projects/battle-royale-airsoft/locations/europe-west1/clusters/abr-gke-cluster",
            "initial_node_count": 1,
            "ip_allocation_policy": [],
            "label_fingerprint": "a9dc16a7",
            "location": "europe-west1",
            "logging_config": [
              {
                "enable_components": [
                  "SYSTEM_COMPONENTS",
                  "WORKLOADS"
                ]
              }
            ],
            "logging_service": "logging.googleapis.com/kubernetes",
            "maintenance_policy": [],
            "master_auth": [
              {
                "client_certificate": "",
                "client_certificate_config": [
                  {
                    "issue_client_certificate": false
                  }
                ],
                "client_key": "",
                "cluster_ca_certificate": "LS0tLS1CRUdJTiBDRVJUSUZJQ0FURS0tLS0tCk1JSUVMVENDQXBXZ0F3SUJBZ0lSQUo2Y0VUN01DWk5GZVBVSU5KRUhIMzB3RFFZSktvWklodmNOQVFFTEJRQXcKTHpFdE1Dc0dBMVVFQXhNa01tRmlObVU0TmprdE5HRmpPUzAwWXpCaExUZzBZMlV0WkRFMFpqazJOalExTWpVdwpNQ0FYRFRJME1URXdNekV5TkRReE5Wb1lEekl3TlRReE1ESTNNVE0wTkRFMVdqQXZNUzB3S3dZRFZRUURFeVF5CllXSTJaVGcyT1MwMFlXTTVMVFJqTUdFdE9EUmpaUzFrTVRSbU9UWTJORFV5TlRBd2dnR2lNQTBHQ1NxR1NJYjMKRFFFQkFRVUFBNElCandBd2dnR0tBb0lCZ1FDOHN4U1FUSHBBVkxUK1pwNmYvTjc1VWlHeGtzV3lSWmJkWGRIYgphYm1OMk9NL1dkSHA1QlRyUlBHSnUrN3hJTUpnRDNzWWYvYVNqMFZEV0VSSWFDaFUzNUUvb3JhanpLeTI5cjJiCkUrOG1lUGFtRm02OTJxcGM3UWxud1Y3RmpDZ3NWekZWK0E1ZGx0M0lpZWdic0w1OVhMRDFNNkFnSDdYbnZCdWcKQ284dHhHU2pYZmVmL09zbmxRVGd6MU1jR24vY2tZTHhGNUgvRkI4cHdBV1pvSlhheGwvREpWTi9kcDFMNGhJdAplMlVBUzI0NjMxSGFWaDZZRDZkQ0pSc2FrMm1uUEJ2VElGeFF6ajRHbnE0UVpSMWcxbCs0S3QxRTc4dHpHTm93CjNoNjg5SG5Vc0kvWHNuTzh2aU1wcXQzSS9wMHdFdCtFbFpKbnVVejJwOEdFNEhiR25oWkwvY2JSREc4aDdlc0wKUS9rdDRzNDRIczEwUy9JWjg4ZCtwWHFRWmZYQ2F3RE1ZVkRGMjAyc0c2aklRYTVNa0c0RWVRS3d1ZCtmUHRDYgpTTjZuT1hWVHl1YmlUT1FFN2pZeWxuWmg1UXZUem83WVljZXV0QlZTZUZieXIwNE8vNkFOTXR1M2RsZUVReHJnCmt4bXVheUQxYWxKd3JTMjJyM0VsT0FSQzBWRUNBd0VBQWFOQ01FQXdEZ1lEVlIwUEFRSC9CQVFEQWdJRU1BOEcKQTFVZEV3RUIvd1FGTUFNQkFmOHdIUVlEVlIwT0JCWUVGRVFweWxPZng4N1NJb2lpMWswSE85NVFXSm9QTUEwRwpDU3FHU0liM0RRRUJDd1VBQTRJQmdRQzZudnBIeG1wOHpONVM0WFVzcHFuYU40Q0tiQmhSQ09wbFdwSFB0K0R5CkVOZE45K1IvRzluN24waU9CU2FFVkpVM3dObWRSTW5LNVlqUDUvRDdaNERDeFNZdVhlYXpNaU91dWh3VUZrUUoKUXhUTTRYTTlWeHI1RGY1Mi9DQTZmalc3N3BxcXhLYUpEQUJqNlMydzF5cm5iNFNmUmYzZXFDSjlCUnJ6WmtFTApzNWFsbnROSDA4WTJ1ZWpLa0xlR1YrRGFieEFKaldyQzdoMG5sV0g4Zk50LzA4L29HUkxUcElGMFJSYVZUUnZsCmtHaW04NXQxb0ZFVGtOQWlEd3Q3MkhWNjMvOUZYSS9PTk9JcDFzanFpK2JtRURJaG9XVVpHV3k5Q1lGYVRJU1UKUkZPOHBUUDdQWENuZzQ3NTJHTUs3bUpyL1VRLzlPYWFXK09Nc1NyVHNxTENrb0JjbWw2dmZsTkd2ZFJMRUd2bApqYnZUWm01Q3Y4bWlFTks1VWxpdkVMZVB5d2FJZVdHdTgxdmNiclVPeFA4Q2ZNUHhWM0k3dk5xTUNLSUxwbVBwCmFrZFVRZ29JR0hBRHNKRHp6VHF6TjhVSE05VklBcFBmTTh4M2RHODloTmpiMFRvaWlGQjN2aVk5WkdvRUsySC8KYlFwVWVNejdZQXkwRkxHTGRXdWFqZDQ9Ci0tLS0tRU5EIENFUlRJRklDQVRFLS0tLS0K"
              }
            ],
            "master_authorized_networks_config": [],
            "master_version": "1.30.5-gke.1355000",
            "mesh_certificates": [],
            "min_master_version": null,
            "monitoring_config": [
              {
                "advanced_datapath_observability_config": [
                  {
                    "enable_metrics": false,
                    "relay_mode": ""
                  }
                ],
                "enable_components": [
                  "SYSTEM_COMPONENTS",
                  "STORAGE",
                  "HPA",
                  "POD",
                  "DAEMONSET",
                  "DEPLOYMENT",
                  "STATEFULSET",
                  "CADVISOR",
                  "KUBELET"
                ],
                "managed_prometheus": [
                  {
                    "enabled": true
                  }
                ]
              }
            ],
            "monitoring_service": "monitoring.googleapis.com/kubernetes",
            "name": "abr-gke-cluster",
            "network": "projects/battle-royale-airsoft/global/networks/default",
            "network_policy": [
              {
                "enabled": false,
                "provider": "PROVIDER_UNSPECIFIED"
              }
            ],
            "networking_mode": "ROUTES",
            "node_config": [
              {
                "advanced_machine_features": [],
                "boot_disk_kms_key": "",
                "confidential_nodes": [],
                "disk_size_gb": 100,
                "disk_type": "pd-balanced",
                "ephemeral_storage_local_ssd_config": [],
                "fast_socket": [],
                "gcfs_config": [],
                "guest_accelerator": [],
                "gvnic": [],
                "host_maintenance_policy": [],
                "image_type": "COS_CONTAINERD",
                "kubelet_config": [],
                "labels": {},
                "linux_node_config": [],
                "local_nvme_ssd_block_config": [],
                "local_ssd_count": 0,
                "logging_variant": "DEFAULT",
                "machine_type": "e2-medium",
                "metadata": {
                  "disable-legacy-endpoints": "true"
                },
                "min_cpu_platform": "",
                "node_group": "",
                "oauth_scopes": [
                  "https://www.googleapis.com/auth/devstorage.read_only",
                  "https://www.googleapis.com/auth/logging.write",
                  "https://www.googleapis.com/auth/monitoring",
                  "https://www.googleapis.com/auth/service.management.readonly",
                  "https://www.googleapis.com/auth/servicecontrol",
                  "https://www.googleapis.com/auth/trace.append"
                ],
                "preemptible": true,
                "reservation_affinity": [],
                "resource_labels": null,
                "service_account": "default",
                "shielded_instance_config": [
                  {
                    "enable_integrity_monitoring": true,
                    "enable_secure_boot": false
                  }
                ],
                "sole_tenant_config": [],
                "spot": false,
                "tags": null,
                "taint": [],
                "workload_metadata_config": []
              }
            ],
            "node_locations": [
              "europe-west1-b",
              "europe-west1-c",
              "europe-west1-d"
            ],
            "node_pool": [
              {
                "autoscaling": [],
                "initial_node_count": 1,
                "instance_group_urls": [
                  "https://www.googleapis.com/compute/v1/projects/battle-royale-airsoft/zones/europe-west1-b/instanceGroupManagers/gke-abr-gke-cluster-default-pool-c09ff191-grp",
                  "https://www.googleapis.com/compute/v1/projects/battle-royale-airsoft/zones/europe-west1-c/instanceGroupManagers/gke-abr-gke-cluster-default-pool-86d785c8-grp",
                  "https://www.googleapis.com/compute/v1/projects/battle-royale-airsoft/zones/europe-west1-d/instanceGroupManagers/gke-abr-gke-cluster-default-pool-49d3c46e-grp"
                ],
                "managed_instance_group_urls": [
                  "https://www.googleapis.com/compute/v1/projects/battle-royale-airsoft/zones/europe-west1-b/instanceGroups/gke-abr-gke-cluster-default-pool-c09ff191-grp",
                  "https://www.googleapis.com/compute/v1/projects/battle-royale-airsoft/zones/europe-west1-c/instanceGroups/gke-abr-gke-cluster-default-pool-86d785c8-grp",
                  "https://www.googleapis.com/compute/v1/projects/battle-royale-airsoft/zones/europe-west1-d/instanceGroups/gke-abr-gke-cluster-default-pool-49d3c46e-grp"
                ],
                "management": [
                  {
                    "auto_repair": true,
                    "auto_upgrade": true
                  }
                ],
                "max_pods_per_node": 0,
                "name": "default-pool",
                "name_prefix": "",
                "network_config": [],
                "node_config": [
                  {
                    "advanced_machine_features": [],
                    "boot_disk_kms_key": "",
                    "confidential_nodes": [],
                    "disk_size_gb": 100,
                    "disk_type": "pd-balanced",
                    "ephemeral_storage_local_ssd_config": [],
                    "fast_socket": [],
                    "gcfs_config": [],
                    "guest_accelerator": [],
                    "gvnic": [],
                    "host_maintenance_policy": [],
                    "image_type": "COS_CONTAINERD",
                    "kubelet_config": [],
                    "labels": {},
                    "linux_node_config": [],
                    "local_nvme_ssd_block_config": [],
                    "local_ssd_count": 0,
                    "logging_variant": "DEFAULT",
                    "machine_type": "e2-medium",
                    "metadata": {
                      "disable-legacy-endpoints": "true"
                    },
                    "min_cpu_platform": "",
                    "node_group": "",
                    "oauth_scopes": [
                      "https://www.googleapis.com/auth/devstorage.read_only",
                      "https://www.googleapis.com/auth/logging.write",
                      "https://www.googleapis.com/auth/monitoring",
                      "https://www.googleapis.com/auth/service.management.readonly",
                      "https://www.googleapis.com/auth/servicecontrol",
                      "https://www.googleapis.com/auth/trace.append"
                    ],
                    "preemptible": true,
                    "reservation_affinity": [],
                    "resource_labels": {},
                    "service_account": "default",
                    "shielded_instance_config": [
                      {
                        "enable_integrity_monitoring": true,
                        "enable_secure_boot": false
                      }
                    ],
                    "sole_tenant_config": [],
                    "spot": false,
                    "tags": [],
                    "taint": [],
                    "workload_metadata_config": []
                  }
                ],
                "node_count": 1,
                "node_locations": [
                  "europe-west1-b",
                  "europe-west1-c",
                  "europe-west1-d"
                ],
                "placement_policy": [],
                "upgrade_settings": [
                  {
                    "blue_green_settings": [],
                    "max_surge": 1,
                    "max_unavailable": 0,
                    "strategy": "SURGE"
                  }
                ],
                "version": "1.30.5-gke.1355000"
              }
            ],
            "node_pool_auto_config": [],
            "node_pool_defaults": [
              {
                "node_config_defaults": [
                  {
                    "logging_variant": "DEFAULT"
                  }
                ]
              }
            ],
            "node_version": "1.30.5-gke.1355000",
            "notification_config": [
              {
                "pubsub": [
                  {
                    "enabled": false,
                    "filter": [],
                    "topic": ""
                  }
                ]
              }
            ],
            "operation": null,
            "private_cluster_config": [
              {
                "enable_private_endpoint": false,
                "enable_private_nodes": false,
                "master_global_access_config": [
                  {
                    "enabled": false
                  }
                ],
                "master_ipv4_cidr_block": "",
                "peering_name": "",
                "private_endpoint": "10.132.0.6",
                "private_endpoint_subnetwork": "",
                "public_endpoint": "35.205.119.187"
              }
            ],
            "private_ipv6_google_access": "",
            "project": "battle-royale-airsoft",
            "release_channel": [
              {
                "channel": "REGULAR"
              }
            ],
            "remove_default_node_pool": null,
            "resource_labels": null,
            "resource_usage_export_config": [],
            "security_posture_config": [
              {
                "mode": "BASIC",
                "vulnerability_mode": "VULNERABILITY_MODE_UNSPECIFIED"
              }
            ],
            "self_link": "https://container.googleapis.com/v1/projects/battle-royale-airsoft/locations/europe-west1/clusters/abr-gke-cluster",
            "service_external_ips_config": [
              {
                "enabled": false
              }
            ],
            "services_ipv4_cidr": "10.27.240.0/20",
            "subnetwork": "projects/battle-royale-airsoft/regions/europe-west1/subnetworks/default",
            "timeouts": null,
            "tpu_ipv4_cidr_block": "",
            "vertical_pod_autoscaling": [],
            "workload_identity_config": []
          },
          "sensitive_attributes": [],
          "private": "eyJlMmJmYjczMC1lY2FhLTExZTYtOGY4OC0zNDM2M2JjN2M0YzAiOnsiY3JlYXRlIjoyNDAwMDAwMDAwMDAwLCJkZWxldGUiOjI0MDAwMDAwMDAwMDAsInJlYWQiOjI0MDAwMDAwMDAwMDAsInVwZGF0ZSI6MzYwMDAwMDAwMDAwMH0sInNjaGVtYV92ZXJzaW9uIjoiMSJ9"
        }
      ]
    },
    {
      "mode": "managed",
      "type": "google_container_node_pool",
      "name": "primary_preemptible_nodes",
      "provider": "provider[\"registry.terraform.io/hashicorp/google\"]",
      "instances": [
        {
          "schema_version": 1,
          "attributes": {
            "autoscaling": [
              {
                "location_policy": "ANY",
                "max_node_count": 5,
                "min_node_count": 1,
                "total_max_node_count": 0,
                "total_min_node_count": 0
              }
            ],
            "cluster": "abr-gke-cluster",
            "id": "projects/battle-royale-airsoft/locations/europe-west1/clusters/abr-gke-cluster/nodePools/primary-preemptible-nodes",
            "initial_node_count": 0,
            "instance_group_urls": [
              "https://www.googleapis.com/compute/v1/projects/battle-royale-airsoft/zones/europe-west1-b/instanceGroupManagers/gke-abr-gke-cluster-primary-preemptib-297f4a7a-grp",
              "https://www.googleapis.com/compute/v1/projects/battle-royale-airsoft/zones/europe-west1-c/instanceGroupManagers/gke-abr-gke-cluster-primary-preemptib-5fd81b98-grp",
              "https://www.googleapis.com/compute/v1/projects/battle-royale-airsoft/zones/europe-west1-d/instanceGroupManagers/gke-abr-gke-cluster-primary-preemptib-03de5cc5-grp"
            ],
            "location": "europe-west1",
            "managed_instance_group_urls": [
              "https://www.googleapis.com/compute/v1/projects/battle-royale-airsoft/zones/europe-west1-b/instanceGroups/gke-abr-gke-cluster-primary-preemptib-297f4a7a-grp",
              "https://www.googleapis.com/compute/v1/projects/battle-royale-airsoft/zones/europe-west1-c/instanceGroups/gke-abr-gke-cluster-primary-preemptib-5fd81b98-grp",
              "https://www.googleapis.com/compute/v1/projects/battle-royale-airsoft/zones/europe-west1-d/instanceGroups/gke-abr-gke-cluster-primary-preemptib-03de5cc5-grp"
            ],
            "management": [
              {
                "auto_repair": true,
                "auto_upgrade": true
              }
            ],
            "max_pods_per_node": null,
            "name": "primary-preemptible-nodes",
            "name_prefix": "",
            "network_config": [],
            "node_config": [
              {
                "advanced_machine_features": [],
                "boot_disk_kms_key": "",
                "confidential_nodes": [],
                "disk_size_gb": 100,
                "disk_type": "pd-balanced",
                "ephemeral_storage_local_ssd_config": [],
                "fast_socket": [],
                "gcfs_config": [],
                "guest_accelerator": [],
                "gvnic": [],
                "host_maintenance_policy": [],
                "image_type": "COS_CONTAINERD",
                "kubelet_config": [],
                "labels": {},
                "linux_node_config": [],
                "local_nvme_ssd_block_config": [],
                "local_ssd_count": 0,
                "logging_variant": "DEFAULT",
                "machine_type": "e2-micro",
                "metadata": {
                  "disable-legacy-endpoints": "true"
                },
                "min_cpu_platform": "",
                "node_group": "",
                "oauth_scopes": [
                  "https://www.googleapis.com/auth/devstorage.read_only",
                  "https://www.googleapis.com/auth/logging.write",
                  "https://www.googleapis.com/auth/monitoring",
                  "https://www.googleapis.com/auth/service.management.readonly",
                  "https://www.googleapis.com/auth/servicecontrol",
                  "https://www.googleapis.com/auth/trace.append"
                ],
                "preemptible": true,
                "reservation_affinity": [],
                "resource_labels": null,
                "service_account": "default",
                "shielded_instance_config": [
                  {
                    "enable_integrity_monitoring": true,
                    "enable_secure_boot": false
                  }
                ],
                "sole_tenant_config": [],
                "spot": false,
                "tags": null,
                "taint": [],
                "workload_metadata_config": []
              }
            ],
            "node_count": 0,
            "node_locations": [
              "europe-west1-b",
              "europe-west1-c",
              "europe-west1-d"
            ],
            "operation": null,
            "placement_policy": [],
            "project": "battle-royale-airsoft",
            "timeouts": null,
            "upgrade_settings": [
              {
                "blue_green_settings": [],
                "max_surge": 1,
                "max_unavailable": 0,
                "strategy": "SURGE"
              }
            ],
            "version": "1.30.5-gke.1355000"
          },
          "sensitive_attributes": [],
          "private": "eyJlMmJmYjczMC1lY2FhLTExZTYtOGY4OC0zNDM2M2JjN2M0YzAiOnsiY3JlYXRlIjoxODAwMDAwMDAwMDAwLCJkZWxldGUiOjE4MDAwMDAwMDAwMDAsInVwZGF0ZSI6MTgwMDAwMDAwMDAwMH0sInNjaGVtYV92ZXJzaW9uIjoiMSJ9",
          "dependencies": [
            "google_container_cluster.abr-gke-cluster"
          ]
        }
      ]
    }
  ],
  "check_results": []
}
