{
  "version": 4,
  "terraform_version": "1.3.1",
  "serial": 22,
  "lineage": "b05a74c5-2877-8cab-4378-bdb8062455c8",
  "outputs": {},
  "resources": [
    {
      "mode": "managed",
      "type": "google_container_cluster",
      "name": "primary",
      "provider": "provider[\"registry.terraform.io/hashicorp/google\"]",
      "instances": [
        {
          "schema_version": 1,
          "attributes": {
            "addons_config": [
              {
                "cloudrun_config": [],
                "config_connector_config": [],
                "dns_cache_config": [],
                "gce_persistent_disk_csi_driver_config": [
                  {
                    "enabled": true
                  }
                ],
                "gcp_filestore_csi_driver_config": [],
                "gcs_fuse_csi_driver_config": [],
                "gke_backup_agent_config": [],
                "horizontal_pod_autoscaling": [],
                "http_load_balancing": [],
                "network_policy_config": [
                  {
                    "disabled": true
                  }
                ]
              }
            ],
            "allow_net_admin": null,
            "authenticator_groups_config": [],
            "binary_authorization": [
              {
                "enabled": false,
                "evaluation_mode": ""
              }
            ],
            "cluster_autoscaling": [
              {
                "auto_provisioning_defaults": [],
                "enabled": false,
                "resource_limits": []
              }
            ],
            "cluster_ipv4_cidr": "10.24.0.0/14",
            "confidential_nodes": [],
            "cost_management_config": [],
            "database_encryption": [
              {
                "key_name": "",
                "state": "DECRYPTED"
              }
            ],
            "datapath_provider": "",
            "default_max_pods_per_node": null,
            "default_snat_status": [
              {
                "disabled": false
              }
            ],
            "description": "",
            "dns_config": [],
            "enable_autopilot": false,
            "enable_binary_authorization": false,
            "enable_intranode_visibility": false,
            "enable_k8s_beta_apis": [],
            "enable_kubernetes_alpha": false,
            "enable_l4_ilb_subsetting": false,
            "enable_legacy_abac": false,
            "enable_shielded_nodes": true,
            "enable_tpu": false,
            "endpoint": "34.78.202.221",
            "gateway_api_config": [],
            "id": "projects/battle-royale-airsoft/locations/europe-west1/clusters/abr-gke-cluster",
            "initial_node_count": 1,
            "ip_allocation_policy": [],
            "label_fingerprint": "a9dc16a7",
            "location": "europe-west1",
            "logging_config": [
              {
                "enable_components": [
                  "SYSTEM_COMPONENTS",
                  "WORKLOADS"
                ]
              }
            ],
            "logging_service": "logging.googleapis.com/kubernetes",
            "maintenance_policy": [],
            "master_auth": [
              {
                "client_certificate": "",
                "client_certificate_config": [
                  {
                    "issue_client_certificate": false
                  }
                ],
                "client_key": "",
                "cluster_ca_certificate": "LS0tLS1CRUdJTiBDRVJUSUZJQ0FURS0tLS0tCk1JSUVMVENDQXBXZ0F3SUJBZ0lSQU1WNVBjcHExMGF1NjNyZVZYN0pyaEF3RFFZSktvWklodmNOQVFFTEJRQXcKTHpFdE1Dc0dBMVVFQXhNa016bGlPREpqTXpZdE9EWmtaQzAwTURNeExUa3pPVFV0WTJWbVl6aGtNakJpTkRRNApNQ0FYRFRJME1URXdNekV5TURjMU9Gb1lEekl3TlRReE1ESTNNVE13TnpVNFdqQXZNUzB3S3dZRFZRUURFeVF6Ck9XSTRNbU16TmkwNE5tUmtMVFF3TXpFdE9UTTVOUzFqWldaak9HUXlNR0kwTkRnd2dnR2lNQTBHQ1NxR1NJYjMKRFFFQkFRVUFBNElCandBd2dnR0tBb0lCZ1FESDMzY1dmWlgzWVBvVkR0b3FOWlBUZGhaUmNtSVJoMHZORmhhYgo2MlFydUNzN0pzZW1GT3RtRFk0Vlg4Y09MTVp2ZkJpa2xrVm5qNUtZZ3FOYjJ3dWYyNVZSWEVVVVM3TUk4ZVByCmF0eFE2TFlIaEU1TDg4LzhJc0dsVUpiSTNDZ2dQTFh1c0NaaW4zRVRWQklZZ2VnNFIvbHgvc29oVlVjZitHU2kKWHIyczFtMmNPRTZXa0NLdFVpMzNaZkRSaGpjZjFTME9TTVFHa2g3TXRyVElwYjA4b2tOQkgxbkUvM1FVZ0c4LwpKRm9ML1pyOWwvZ1ZkVTFuUG1OYS91MHlBbG5QMXlhdEVGS3dUb3M2OEJTT0t4RGVUc0JBL3BXUWRZZVZTenB2CkVTMkVWRVdvV0ZTbjhaZ0xvY1pKWmlBbDZqSUNoVXNCVzRhNUZ1VGRhR3NCamdHQWcvNG1WWWZMcWxXVm5aNm0Kaklscm9Ka3ZpRUZQTHZpclZzeUtJYWE2dlJOMVVKUzVOZW9CZUlmVENYNEM5d2gxdHpFOHExR3l4Nll6S05raApoRmFabXZkUjNZMko2ZzVoM0NiTHlnWkRIeHBORXR5OVo3bWI3M3AxeDFRV2hpUnZ0TzFSNGZ5NEs3QXI5STBXCkE3a0tQSXg2bmp2MUU2RUcxVjZqRjhpNzRORUNBd0VBQWFOQ01FQXdEZ1lEVlIwUEFRSC9CQVFEQWdJRU1BOEcKQTFVZEV3RUIvd1FGTUFNQkFmOHdIUVlEVlIwT0JCWUVGRnBmVUlqSmRmMWhDZmFwQmE4MW0rSjV2cTlITUEwRwpDU3FHU0liM0RRRUJDd1VBQTRJQmdRQWdjTlRoSjREM2pqTlM0aWFLVC91Z3F3QUkwcHVEd1RoU2ZHSWo1cnMvCjNrMTN5T2haaFM3dW9SZFBuZy9hUWUrNHhNdUFWRVhpb3BrZVJwK1ArVWVFV05ieVhkYmJBaUwzT0ZSOTFGVVUKMmpCZ3JBcGl5ZVZZaWtrVTROUG1FTkpnRWRObW1yRHBHK0RxWkh6OFVvTnJtSXpNUW0za1lzd2xHb29yRVdmTwpidTQyYVA4Ym9OUTgydW1BRFg4RER6amxBUTJnWWphck9WU2w2bm5FMlFIRWRCT0NMRmkrcjNPVnJzZDArY1c1CktYZHZlWk8yazdGZ0dEWjN4Qk1CRU9TQk8rS0djR2NIeW9jMkxybkZFMVhOS1R2SGFBbzZHZys1cnE5Mk9mV2cKbWcxQ2FCTjZCRkFhNERIaEJ1WTYxZHpsRmNZWEdyYllHRjhRUlNpQjZuUlcwcHNtaWJJUDlpL3JsUzdGeUR1eQp5MitzNld6Y2RxeHB3bFFrcTFrTUtJVGJhUVVEbnI5Y0VhY3RWUGNPdGxkU2E2dDdydFNya3FaRWNRbVExV1M4ClEweGRNM2M2dktuZ0ViNitNRmVBZjZ6YjhyMmZUeVJ6YXVGRmFOeUIrdzJLZ3dzTUIxR0ovbGNNTmNNUUJGZWcKajQ4Nm5OYUpGWFIzZWI4TUN4d1VpcTA9Ci0tLS0tRU5EIENFUlRJRklDQVRFLS0tLS0K"
              }
            ],
            "master_authorized_networks_config": [],
            "master_version": "1.30.5-gke.1355000",
            "mesh_certificates": [],
            "min_master_version": null,
            "monitoring_config": [
              {
                "advanced_datapath_observability_config": [
                  {
                    "enable_metrics": false,
                    "relay_mode": ""
                  }
                ],
                "enable_components": [
                  "SYSTEM_COMPONENTS",
                  "DAEMONSET",
                  "DEPLOYMENT",
                  "STATEFULSET",
                  "STORAGE",
                  "HPA",
                  "POD",
                  "CADVISOR",
                  "KUBELET"
                ],
                "managed_prometheus": [
                  {
                    "enabled": true
                  }
                ]
              }
            ],
            "monitoring_service": "monitoring.googleapis.com/kubernetes",
            "name": "abr-gke-cluster",
            "network": "projects/battle-royale-airsoft/global/networks/default",
            "network_policy": [
              {
                "enabled": false,
                "provider": "PROVIDER_UNSPECIFIED"
              }
            ],
            "networking_mode": "ROUTES",
            "node_config": [
              {
                "advanced_machine_features": [],
                "boot_disk_kms_key": "",
                "confidential_nodes": [],
                "disk_size_gb": 100,
                "disk_type": "pd-balanced",
                "ephemeral_storage_local_ssd_config": [],
                "fast_socket": [],
                "gcfs_config": [],
                "guest_accelerator": [],
                "gvnic": [],
                "host_maintenance_policy": [],
                "image_type": "COS_CONTAINERD",
                "kubelet_config": [],
                "labels": {},
                "linux_node_config": [],
                "local_nvme_ssd_block_config": [],
                "local_ssd_count": 0,
                "logging_variant": "DEFAULT",
                "machine_type": "e2-medium",
                "metadata": {
                  "disable-legacy-endpoints": "true"
                },
                "min_cpu_platform": "",
                "node_group": "",
                "oauth_scopes": [
                  "https://www.googleapis.com/auth/devstorage.read_only",
                  "https://www.googleapis.com/auth/logging.write",
                  "https://www.googleapis.com/auth/monitoring",
                  "https://www.googleapis.com/auth/service.management.readonly",
                  "https://www.googleapis.com/auth/servicecontrol",
                  "https://www.googleapis.com/auth/trace.append"
                ],
                "preemptible": false,
                "reservation_affinity": [],
                "resource_labels": null,
                "service_account": "default",
                "shielded_instance_config": [
                  {
                    "enable_integrity_monitoring": true,
                    "enable_secure_boot": false
                  }
                ],
                "sole_tenant_config": [],
                "spot": false,
                "tags": null,
                "taint": [],
                "workload_metadata_config": []
              }
            ],
            "node_locations": [
              "europe-west1-b",
              "europe-west1-c",
              "europe-west1-d"
            ],
            "node_pool": [
              {
                "autoscaling": [],
                "initial_node_count": 1,
                "instance_group_urls": [
                  "https://www.googleapis.com/compute/v1/projects/battle-royale-airsoft/zones/europe-west1-d/instanceGroupManagers/gke-abr-gke-cluster-default-pool-bb5c1ef9-grp",
                  "https://www.googleapis.com/compute/v1/projects/battle-royale-airsoft/zones/europe-west1-c/instanceGroupManagers/gke-abr-gke-cluster-default-pool-968a5b79-grp",
                  "https://www.googleapis.com/compute/v1/projects/battle-royale-airsoft/zones/europe-west1-b/instanceGroupManagers/gke-abr-gke-cluster-default-pool-deca92d6-grp"
                ],
                "managed_instance_group_urls": [
                  "https://www.googleapis.com/compute/v1/projects/battle-royale-airsoft/zones/europe-west1-d/instanceGroups/gke-abr-gke-cluster-default-pool-bb5c1ef9-grp",
                  "https://www.googleapis.com/compute/v1/projects/battle-royale-airsoft/zones/europe-west1-c/instanceGroups/gke-abr-gke-cluster-default-pool-968a5b79-grp",
                  "https://www.googleapis.com/compute/v1/projects/battle-royale-airsoft/zones/europe-west1-b/instanceGroups/gke-abr-gke-cluster-default-pool-deca92d6-grp"
                ],
                "management": [
                  {
                    "auto_repair": true,
                    "auto_upgrade": true
                  }
                ],
                "max_pods_per_node": 0,
                "name": "default-pool",
                "name_prefix": "",
                "network_config": [],
                "node_config": [
                  {
                    "advanced_machine_features": [],
                    "boot_disk_kms_key": "",
                    "confidential_nodes": [],
                    "disk_size_gb": 100,
                    "disk_type": "pd-balanced",
                    "ephemeral_storage_local_ssd_config": [],
                    "fast_socket": [],
                    "gcfs_config": [],
                    "guest_accelerator": [],
                    "gvnic": [],
                    "host_maintenance_policy": [],
                    "image_type": "COS_CONTAINERD",
                    "kubelet_config": [],
                    "labels": {},
                    "linux_node_config": [],
                    "local_nvme_ssd_block_config": [],
                    "local_ssd_count": 0,
                    "logging_variant": "DEFAULT",
                    "machine_type": "e2-medium",
                    "metadata": {
                      "disable-legacy-endpoints": "true"
                    },
                    "min_cpu_platform": "",
                    "node_group": "",
                    "oauth_scopes": [
                      "https://www.googleapis.com/auth/devstorage.read_only",
                      "https://www.googleapis.com/auth/logging.write",
                      "https://www.googleapis.com/auth/monitoring",
                      "https://www.googleapis.com/auth/service.management.readonly",
                      "https://www.googleapis.com/auth/servicecontrol",
                      "https://www.googleapis.com/auth/trace.append"
                    ],
                    "preemptible": false,
                    "reservation_affinity": [],
                    "resource_labels": {},
                    "service_account": "default",
                    "shielded_instance_config": [
                      {
                        "enable_integrity_monitoring": true,
                        "enable_secure_boot": false
                      }
                    ],
                    "sole_tenant_config": [],
                    "spot": false,
                    "tags": [],
                    "taint": [],
                    "workload_metadata_config": []
                  }
                ],
                "node_count": 1,
                "node_locations": [
                  "europe-west1-b",
                  "europe-west1-c",
                  "europe-west1-d"
                ],
                "placement_policy": [],
                "upgrade_settings": [
                  {
                    "blue_green_settings": [],
                    "max_surge": 1,
                    "max_unavailable": 0,
                    "strategy": "SURGE"
                  }
                ],
                "version": "1.30.5-gke.1355000"
              }
            ],
            "node_pool_auto_config": [],
            "node_pool_defaults": [
              {
                "node_config_defaults": [
                  {
                    "logging_variant": "DEFAULT"
                  }
                ]
              }
            ],
            "node_version": "1.30.5-gke.1355000",
            "notification_config": [
              {
                "pubsub": [
                  {
                    "enabled": false,
                    "filter": [],
                    "topic": ""
                  }
                ]
              }
            ],
            "operation": null,
            "private_cluster_config": [
              {
                "enable_private_endpoint": false,
                "enable_private_nodes": false,
                "master_global_access_config": [
                  {
                    "enabled": false
                  }
                ],
                "master_ipv4_cidr_block": "",
                "peering_name": "",
                "private_endpoint": "10.132.0.2",
                "private_endpoint_subnetwork": "",
                "public_endpoint": "34.78.202.221"
              }
            ],
            "private_ipv6_google_access": "",
            "project": "battle-royale-airsoft",
            "release_channel": [
              {
                "channel": "REGULAR"
              }
            ],
            "remove_default_node_pool": null,
            "resource_labels": null,
            "resource_usage_export_config": [],
            "security_posture_config": [
              {
                "mode": "BASIC",
                "vulnerability_mode": "VULNERABILITY_MODE_UNSPECIFIED"
              }
            ],
            "self_link": "https://container.googleapis.com/v1/projects/battle-royale-airsoft/locations/europe-west1/clusters/abr-gke-cluster",
            "service_external_ips_config": [
              {
                "enabled": false
              }
            ],
            "services_ipv4_cidr": "10.27.240.0/20",
            "subnetwork": "projects/battle-royale-airsoft/regions/europe-west1/subnetworks/default",
            "timeouts": null,
            "tpu_ipv4_cidr_block": "",
            "vertical_pod_autoscaling": [],
            "workload_identity_config": []
          },
          "sensitive_attributes": [],
          "private": "eyJlMmJmYjczMC1lY2FhLTExZTYtOGY4OC0zNDM2M2JjN2M0YzAiOnsiY3JlYXRlIjoyNDAwMDAwMDAwMDAwLCJkZWxldGUiOjI0MDAwMDAwMDAwMDAsInJlYWQiOjI0MDAwMDAwMDAwMDAsInVwZGF0ZSI6MzYwMDAwMDAwMDAwMH0sInNjaGVtYV92ZXJzaW9uIjoiMSJ9"
        }
      ]
    }
  ],
  "check_results": []
}
