{
  "version": 4,
  "terraform_version": "1.3.1",
  "serial": 17,
  "lineage": "b05a74c5-2877-8cab-4378-bdb8062455c8",
  "outputs": {
    "kubernetes_cluster_host": {
      "value": "104.199.0.78",
      "type": "string"
    },
    "kubernetes_cluster_name": {
      "value": "abr-gke-cluster",
      "type": "string"
    }
  },
  "resources": [
    {
      "mode": "managed",
      "type": "google_compute_network",
      "name": "vpc",
      "provider": "provider[\"registry.terraform.io/hashicorp/google\"]",
      "instances": [
        {
          "schema_version": 0,
          "attributes": {
            "auto_create_subnetworks": false,
            "delete_default_routes_on_create": false,
            "description": "",
            "enable_ula_internal_ipv6": false,
            "gateway_ipv4": "",
            "id": "projects/battle-royale-airsoft/global/networks/abr-vpc",
            "internal_ipv6_range": "",
            "mtu": 0,
            "name": "abr-vpc",
            "network_firewall_policy_enforcement_order": "AFTER_CLASSIC_FIREWALL",
            "project": "battle-royale-airsoft",
            "routing_mode": "REGIONAL",
            "self_link": "https://www.googleapis.com/compute/v1/projects/battle-royale-airsoft/global/networks/abr-vpc",
            "timeouts": null
          },
          "sensitive_attributes": [],
          "private": "eyJlMmJmYjczMC1lY2FhLTExZTYtOGY4OC0zNDM2M2JjN2M0YzAiOnsiY3JlYXRlIjoxMjAwMDAwMDAwMDAwLCJkZWxldGUiOjEyMDAwMDAwMDAwMDAsInVwZGF0ZSI6MTIwMDAwMDAwMDAwMH19"
        }
      ]
    },
    {
      "mode": "managed",
      "type": "google_compute_subnetwork",
      "name": "subnet",
      "provider": "provider[\"registry.terraform.io/hashicorp/google\"]",
      "instances": [
        {
          "schema_version": 0,
          "attributes": {
            "creation_timestamp": "2024-11-03T04:45:59.467-08:00",
            "description": "",
            "external_ipv6_prefix": "",
            "fingerprint": null,
            "gateway_address": "10.0.0.1",
            "id": "projects/battle-royale-airsoft/regions/europe-west1/subnetworks/abr-subnet",
            "internal_ipv6_prefix": "",
            "ip_cidr_range": "10.0.0.0/24",
            "ipv6_access_type": "",
            "ipv6_cidr_range": "",
            "log_config": [],
            "name": "abr-subnet",
            "network": "https://www.googleapis.com/compute/v1/projects/battle-royale-airsoft/global/networks/abr-vpc",
            "private_ip_google_access": true,
            "private_ipv6_google_access": "DISABLE_GOOGLE_ACCESS",
            "project": "battle-royale-airsoft",
            "purpose": "PRIVATE",
            "region": "europe-west1",
            "role": "",
            "secondary_ip_range": [
              {
                "ip_cidr_range": "192.168.0.0/18",
                "range_name": "pod-ranges"
              },
              {
                "ip_cidr_range": "192.168.64.0/18",
                "range_name": "service-ranges"
              }
            ],
            "self_link": "https://www.googleapis.com/compute/v1/projects/battle-royale-airsoft/regions/europe-west1/subnetworks/abr-subnet",
            "stack_type": "IPV4_ONLY",
            "timeouts": null
          },
          "sensitive_attributes": [],
          "private": "eyJlMmJmYjczMC1lY2FhLTExZTYtOGY4OC0zNDM2M2JjN2M0YzAiOnsiY3JlYXRlIjoxMjAwMDAwMDAwMDAwLCJkZWxldGUiOjEyMDAwMDAwMDAwMDAsInVwZGF0ZSI6MTIwMDAwMDAwMDAwMH19",
          "dependencies": [
            "google_compute_network.vpc"
          ]
        }
      ]
    },
    {
      "mode": "managed",
      "type": "google_container_cluster",
      "name": "primary",
      "provider": "provider[\"registry.terraform.io/hashicorp/google\"]",
      "instances": [
        {
          "schema_version": 1,
          "attributes": {
            "addons_config": [
              {
                "cloudrun_config": [],
                "config_connector_config": [],
                "dns_cache_config": [],
                "gce_persistent_disk_csi_driver_config": [
                  {
                    "enabled": true
                  }
                ],
                "gcp_filestore_csi_driver_config": [],
                "gcs_fuse_csi_driver_config": [],
                "gke_backup_agent_config": [],
                "horizontal_pod_autoscaling": [
                  {
                    "disabled": true
                  }
                ],
                "http_load_balancing": [
                  {
                    "disabled": true
                  }
                ],
                "network_policy_config": [
                  {
                    "disabled": true
                  }
                ]
              }
            ],
            "allow_net_admin": null,
            "authenticator_groups_config": [],
            "binary_authorization": [
              {
                "enabled": false,
                "evaluation_mode": ""
              }
            ],
            "cluster_autoscaling": [
              {
                "auto_provisioning_defaults": [],
                "enabled": false,
                "resource_limits": []
              }
            ],
            "cluster_ipv4_cidr": "192.168.0.0/18",
            "confidential_nodes": [],
            "cost_management_config": [],
            "database_encryption": [
              {
                "key_name": "",
                "state": "DECRYPTED"
              }
            ],
            "datapath_provider": "",
            "default_max_pods_per_node": 110,
            "default_snat_status": [
              {
                "disabled": false
              }
            ],
            "description": "",
            "dns_config": [],
            "enable_autopilot": false,
            "enable_binary_authorization": false,
            "enable_intranode_visibility": false,
            "enable_k8s_beta_apis": [],
            "enable_kubernetes_alpha": false,
            "enable_l4_ilb_subsetting": false,
            "enable_legacy_abac": false,
            "enable_shielded_nodes": true,
            "enable_tpu": false,
            "endpoint": "104.199.0.78",
            "gateway_api_config": [],
            "id": "projects/battle-royale-airsoft/locations/europe-west1-b/clusters/abr-gke-cluster",
            "initial_node_count": 1,
            "ip_allocation_policy": [
              {
                "additional_pod_ranges_config": [],
                "cluster_ipv4_cidr_block": "192.168.0.0/18",
                "cluster_secondary_range_name": "pod-ranges",
                "pod_cidr_overprovision_config": [
                  {
                    "disabled": false
                  }
                ],
                "services_ipv4_cidr_block": "192.168.64.0/18",
                "services_secondary_range_name": "service-ranges",
                "stack_type": "IPV4"
              }
            ],
            "label_fingerprint": "a9dc16a7",
            "location": "europe-west1-b",
            "logging_config": [
              {
                "enable_components": [
                  "SYSTEM_COMPONENTS"
                ]
              }
            ],
            "logging_service": "logging.googleapis.com/kubernetes",
            "maintenance_policy": [
              {
                "daily_maintenance_window": [
                  {
                    "duration": "PT4H0M0S",
                    "start_time": "02:00"
                  }
                ],
                "maintenance_exclusion": [],
                "recurring_window": []
              }
            ],
            "master_auth": [
              {
                "client_certificate": "",
                "client_certificate_config": [
                  {
                    "issue_client_certificate": false
                  }
                ],
                "client_key": "",
                "cluster_ca_certificate": "LS0tLS1CRUdJTiBDRVJUSUZJQ0FURS0tLS0tCk1JSUVMRENDQXBTZ0F3SUJBZ0lRUG1iT2dCNHFFcm5BWnk0aXk3bUIwakFOQmdrcWhraUc5dzBCQVFzRkFEQXYKTVMwd0t3WURWUVFERXlSbU56WmhOVFF5TWkwd00yTTFMVFJrT1RRdE9UWXpOQzFoWWpobVpHWXhNR0UwWVdJdwpJQmNOTWpReE1UQXpNVEUwTmpNeFdoZ1BNakExTkRFd01qY3hNalEyTXpGYU1DOHhMVEFyQmdOVkJBTVRKR1kzCk5tRTFOREl5TFRBell6VXROR1E1TkMwNU5qTTBMV0ZpT0daa1pqRXdZVFJoWWpDQ0FhSXdEUVlKS29aSWh2Y04KQVFFQkJRQURnZ0dQQURDQ0FZb0NnZ0dCQVBSYVo1WktoWFdwa2ZQZ3U5VCtZdnNGak9kZUIxcG5ZVm8wbWNVKwpOTUNyZnZTSzVXa1dHOFJSTXgvQ0oxdXFFczVzK05nZFFQMC83N3ZkSnVubDhQOWhWS3hNcTZxSTN1QnQwOHQwCmhKUWdiQ1k4VXk5c3JNenN1Mkk2YmxKbEV2emhzZmVhRGRyS2Yya1Y4OWFQanBiREorQ2h0L1dCa280bjZnM2YKYXRCbUExMmFhWFJnQktuZGpoM1VFM2hJSnpKRzJVdVhxRVovTFZnejdBcDhWRUZGd0plY2hLZGt3cXA5empoMwpnaDU0SFpQSk1RR0VoaWhaV2hyQ3J3bjlUSFZwb3ZXQTBQcDBSa1Y5dmIwWjRjQ1RHSmZuQjdOeU9IS2g3bENPCkVqZDdBSGdockVheWo0cFcyNE5wbktrUFFSb0ZUQTFoeVYwa2k0S1Y1emhrV01FZkN2bWZndndGOFdadmdVR0MKUHZHTzlma3gzTzlBUWFQREovV295T0VnU25Vb0tKZTV4dHJ0NkVGVm0veTcxRzdxTnFiNlpCa2cvcWJEdTFybgpsY2N6Qmw4dVpNQ3JLQ3pLSlVWaTMyQzlsbjFHUlBlSEVmRzIxMTdHamc1ZVdXWmJ5UE4wd3F1NTNqejJXR0d0ClhuUUhaZjBrS2FYQ0VjRjJ0bXdHajFiQ2dRSURBUUFCbzBJd1FEQU9CZ05WSFE4QkFmOEVCQU1DQWdRd0R3WUQKVlIwVEFRSC9CQVV3QXdFQi96QWRCZ05WSFE0RUZnUVVndHFWcE5XS3RKRy9JOUttUmw2endDNzJGWDR3RFFZSgpLb1pJaHZjTkFRRUxCUUFEZ2dHQkFCcGtXTXNDeVRlZW9iZk1tcHROWnBWejJPdkdpMFdSNytNZWE1M3RTWm9tCmFwRitXQ1J6ZkVnVm5PUnFnZWFkNDhpMldvYUhXRmxmQitCSndnZTJkRUp1UGhwTHRGdUVYQVFDTDhXMmVBVngKczRuNTlGMlJMRFJVUkxud09raVp3WGlWQTNsblBMOEFWQUgvUTNmWEdWUlFMaS9ub2RDeitFaTE4ZDdKUjljYQpqTU5DOGJ1dER3N0VJMGFFRGlXVW45cTU4aGVYN3lUN05ROThOVWd3NVpuRDJmMXI4ZXpMV083TERKM1ltenZYCkZxTURLOGpKY3NDd0Q1YUhiUXowclh5Q3orWjE5cy9vYkpQRHFXSlhpSGszZXo4WEtoYjVpUUI3SitieXh3RE4KYXU0UzFldmhzcE1EejZPKytIeFBPN0RIajdRNWM0S3JnOWhEQ2Jrd1cyVU1EajJhcUVWZGs5ZHgyS1U3eUVsVwpyQTdJaC9VUHpNWHdqdEdHYkJrWmFORjZOeWdKTDluM0QwR291eTh6VU15UGtoOHpIbGNCU0NTSlNwbUk0S28xCnM4VUhZelM2NjZ6SjkyRHFXV0U1NjdGNGk2M2RHSFFNVVNJa1FCQ29BN1Y1Yzk2OTRzUldHRFlDMXFZK3BUSEYKSGcwWm9SZE8zcVJMV3MxL2E4QTZWQT09Ci0tLS0tRU5EIENFUlRJRklDQVRFLS0tLS0K"
              }
            ],
            "master_authorized_networks_config": [],
            "master_version": "1.30.5-gke.1355000",
            "mesh_certificates": [],
            "min_master_version": null,
            "monitoring_config": [
              {
                "advanced_datapath_observability_config": [
                  {
                    "enable_metrics": false,
                    "relay_mode": ""
                  }
                ],
                "enable_components": [
                  "SYSTEM_COMPONENTS"
                ],
                "managed_prometheus": [
                  {
                    "enabled": true
                  }
                ]
              }
            ],
            "monitoring_service": "monitoring.googleapis.com/kubernetes",
            "name": "abr-gke-cluster",
            "network": "projects/battle-royale-airsoft/global/networks/abr-vpc",
            "network_policy": [
              {
                "enabled": false,
                "provider": "PROVIDER_UNSPECIFIED"
              }
            ],
            "networking_mode": "VPC_NATIVE",
            "node_config": [],
            "node_locations": [],
            "node_pool": [],
            "node_pool_auto_config": [],
            "node_pool_defaults": [
              {
                "node_config_defaults": [
                  {
                    "logging_variant": "DEFAULT"
                  }
                ]
              }
            ],
            "node_version": "1.30.5-gke.1355000",
            "notification_config": [
              {
                "pubsub": [
                  {
                    "enabled": false,
                    "filter": [],
                    "topic": ""
                  }
                ]
              }
            ],
            "operation": null,
            "private_cluster_config": [
              {
                "enable_private_endpoint": false,
                "enable_private_nodes": false,
                "master_global_access_config": [
                  {
                    "enabled": false
                  }
                ],
                "master_ipv4_cidr_block": "",
                "peering_name": "",
                "private_endpoint": "10.0.0.2",
                "private_endpoint_subnetwork": "",
                "public_endpoint": "104.199.0.78"
              }
            ],
            "private_ipv6_google_access": "",
            "project": "battle-royale-airsoft",
            "release_channel": [
              {
                "channel": "REGULAR"
              }
            ],
            "remove_default_node_pool": true,
            "resource_labels": null,
            "resource_usage_export_config": [],
            "security_posture_config": [
              {
                "mode": "BASIC",
                "vulnerability_mode": "VULNERABILITY_MODE_UNSPECIFIED"
              }
            ],
            "self_link": "https://container.googleapis.com/v1/projects/battle-royale-airsoft/zones/europe-west1-b/clusters/abr-gke-cluster",
            "service_external_ips_config": [
              {
                "enabled": false
              }
            ],
            "services_ipv4_cidr": "192.168.64.0/18",
            "subnetwork": "projects/battle-royale-airsoft/regions/europe-west1/subnetworks/abr-subnet",
            "timeouts": null,
            "tpu_ipv4_cidr_block": "",
            "vertical_pod_autoscaling": [],
            "workload_identity_config": []
          },
          "sensitive_attributes": [],
          "private": "eyJlMmJmYjczMC1lY2FhLTExZTYtOGY4OC0zNDM2M2JjN2M0YzAiOnsiY3JlYXRlIjoyNDAwMDAwMDAwMDAwLCJkZWxldGUiOjI0MDAwMDAwMDAwMDAsInJlYWQiOjI0MDAwMDAwMDAwMDAsInVwZGF0ZSI6MzYwMDAwMDAwMDAwMH0sInNjaGVtYV92ZXJzaW9uIjoiMSJ9",
          "dependencies": [
            "google_compute_network.vpc",
            "google_compute_subnetwork.subnet"
          ]
        }
      ]
    },
    {
      "mode": "managed",
      "type": "google_container_node_pool",
      "name": "primary_nodes",
      "provider": "provider[\"registry.terraform.io/hashicorp/google\"]",
      "instances": [
        {
          "status": "tainted",
          "schema_version": 1,
          "attributes": {
            "autoscaling": [
              {
                "location_policy": "",
                "max_node_count": 1,
                "min_node_count": 0,
                "total_max_node_count": 0,
                "total_min_node_count": 0
              }
            ],
            "cluster": "abr-gke-cluster",
            "id": "projects/battle-royale-airsoft/locations/europe-west1-b/clusters/abr-gke-cluster/nodePools/abr-node-pool",
            "initial_node_count": 1,
            "instance_group_urls": null,
            "location": "europe-west1-b",
            "managed_instance_group_urls": null,
            "management": [
              {
                "auto_repair": false,
                "auto_upgrade": false
              }
            ],
            "max_pods_per_node": null,
            "name": "abr-node-pool",
            "name_prefix": null,
            "network_config": null,
            "node_config": [
              {
                "advanced_machine_features": [],
                "boot_disk_kms_key": "",
                "confidential_nodes": [],
                "disk_size_gb": 10,
                "disk_type": "pd-standard",
                "ephemeral_storage_local_ssd_config": [],
                "fast_socket": [],
                "gcfs_config": [],
                "guest_accelerator": [],
                "gvnic": [],
                "host_maintenance_policy": [],
                "image_type": "",
                "kubelet_config": [],
                "labels": {},
                "linux_node_config": [],
                "local_nvme_ssd_block_config": [],
                "local_ssd_count": 0,
                "logging_variant": "DEFAULT",
                "machine_type": "e2-small",
                "metadata": {},
                "min_cpu_platform": "",
                "node_group": "",
                "oauth_scopes": [
                  "https://www.googleapis.com/auth/devstorage.read_only",
                  "https://www.googleapis.com/auth/logging.write",
                  "https://www.googleapis.com/auth/monitoring"
                ],
                "preemptible": true,
                "reservation_affinity": [],
                "resource_labels": null,
                "service_account": "",
                "shielded_instance_config": [],
                "sole_tenant_config": [],
                "spot": true,
                "tags": null,
                "taint": [],
                "workload_metadata_config": []
              }
            ],
            "node_count": null,
            "node_locations": [],
            "operation": null,
            "placement_policy": [],
            "project": null,
            "timeouts": null,
            "upgrade_settings": null,
            "version": null
          },
          "sensitive_attributes": [],
          "private": "eyJlMmJmYjczMC1lY2FhLTExZTYtOGY4OC0zNDM2M2JjN2M0YzAiOnsiY3JlYXRlIjoxODAwMDAwMDAwMDAwLCJkZWxldGUiOjE4MDAwMDAwMDAwMDAsInVwZGF0ZSI6MTgwMDAwMDAwMDAwMH0sInNjaGVtYV92ZXJzaW9uIjoiMSJ9",
          "dependencies": [
            "google_compute_network.vpc",
            "google_compute_subnetwork.subnet",
            "google_container_cluster.primary"
          ]
        }
      ]
    }
  ],
  "check_results": []
}
